
Microsoft Visual Studio Solution File, Format Version 12.00
# Visual Studio Version 17
VisualStudioVersion = 17.14.36408.4 d17.14
MinimumVisualStudioVersion = 10.0.40219.1
Project("{FAE04EC0-301F-11D3-BF4B-00C04F79EFBC}") = "Chatbot.Web", "Chatbot.Web\Chatbot.Web.csproj", "{0EFD0372-A8D7-4AED-BFF2-1D524A530611}"
EndProject
Project("{FAE04EC0-301F-11D3-BF4B-00C04F79EFBC}") = "Chatbot.Data", "Chatbot.Data\Chatbot.Data.csproj", "{DF1BD9D9-967A-4E01-BB9A-5D509B0F027B}"
EndProject
Project("{FAE04EC0-301F-11D3-BF4B-00C04F79EFBC}") = "Chatbot.Service", "Chatbot.Service\Chatbot.Service.csproj", "{FB796869-6DD2-4600-8DD6-C956403557C9}"
EndProject
Project("{FAE04EC0-301F-11D3-BF4B-00C04F79EFBC}") = "Chatbot.Model", "Chatbot.Model\Chatbot.Model.csproj", "{4BB3D6B1-65F9-4E4B-863E-2E435442D2D6}"
EndProject
Project("{FAE04EC0-301F-11D3-BF4B-00C04F79EFBC}") = "Chatbot.Common", "Chatbot.Common\Chatbot.Common.csproj", "{86E87FFD-B3D0-447F-AAFD-F72EE0853248}"
EndProject
Global
	GlobalSection(SolutionConfigurationPlatforms) = preSolution
		Debug|Any CPU = Debug|Any CPU
		Release|Any CPU = Release|Any CPU
	EndGlobalSection
	GlobalSection(ProjectConfigurationPlatforms) = postSolution
		{0EFD0372-A8D7-4AED-BFF2-1D524A530611}.Debug|Any CPU.ActiveCfg = Debug|Any CPU
		{0EFD0372-A8D7-4AED-BFF2-1D524A530611}.Debug|Any CPU.Build.0 = Debug|Any CPU
		{0EFD0372-A8D7-4AED-BFF2-1D524A530611}.Release|Any CPU.ActiveCfg = Release|Any CPU
		{0EFD0372-A8D7-4AED-BFF2-1D524A530611}.Release|Any CPU.Build.0 = Release|Any CPU
		{DF1BD9D9-967A-4E01-BB9A-5D509B0F027B}.Debug|Any CPU.ActiveCfg = Debug|Any CPU
		{DF1BD9D9-967A-4E01-BB9A-5D509B0F027B}.Debug|Any CPU.Build.0 = Debug|Any CPU
		{DF1BD9D9-967A-4E01-BB9A-5D509B0F027B}.Release|Any CPU.ActiveCfg = Release|Any CPU
		{DF1BD9D9-967A-4E01-BB9A-5D509B0F027B}.Release|Any CPU.Build.0 = Release|Any CPU
		{FB796869-6DD2-4600-8DD6-C956403557C9}.Debug|Any CPU.ActiveCfg = Debug|Any CPU
		{FB796869-6DD2-4600-8DD6-C956403557C9}.Debug|Any CPU.Build.0 = Debug|Any CPU
		{FB796869-6DD2-4600-8DD6-C956403557C9}.Release|Any CPU.ActiveCfg = Release|Any CPU
		{FB796869-6DD2-4600-8DD6-C956403557C9}.Release|Any CPU.Build.0 = Release|Any CPU
		{4BB3D6B1-65F9-4E4B-863E-2E435442D2D6}.Debug|Any CPU.ActiveCfg = Debug|Any CPU
		{4BB3D6B1-65F9-4E4B-863E-2E435442D2D6}.Debug|Any CPU.Build.0 = Debug|Any CPU
		{4BB3D6B1-65F9-4E4B-863E-2E435442D2D6}.Release|Any CPU.ActiveCfg = Release|Any CPU
		{4BB3D6B1-65F9-4E4B-863E-2E435442D2D6}.Release|Any CPU.Build.0 = Release|Any CPU
		{86E87FFD-B3D0-447F-AAFD-F72EE0853248}.Debug|Any CPU.ActiveCfg = Debug|Any CPU
		{86E87FFD-B3D0-447F-AAFD-F72EE0853248}.Debug|Any CPU.Build.0 = Debug|Any CPU
		{86E87FFD-B3D0-447F-AAFD-F72EE0853248}.Release|Any CPU.ActiveCfg = Release|Any CPU
		{86E87FFD-B3D0-447F-AAFD-F72EE0853248}.Release|Any CPU.Build.0 = Release|Any CPU
	EndGlobalSection
	GlobalSection(SolutionProperties) = preSolution
		HideSolutionNode = FALSE
	EndGlobalSection
	GlobalSection(ExtensibilityGlobals) = postSolution
		SolutionGuid = {9157AD82-F663-4D2E-BBDB-248C16AEB4B8}
	EndGlobalSection
EndGlobal
